
Microsoft Visual Studio Solution File, Format Version 12.00
# Visual Studio Version 16
VisualStudioVersion = 16.0.29201.188
MinimumVisualStudioVersion = 10.0.40219.1
Project("{FAE04EC0-301F-11D3-BF4B-00C04F79EFBC}") = "BGLGroup_MS", "BGLGroup_MS\BGLGroup_MS.csproj", "{5DDC0B79-FB43-4B62-ABE3-C59BB4B0E4A6}"
EndProject
Project("{FAE04EC0-301F-11D3-BF4B-00C04F79EFBC}") = "BGLGroup_MS.Tests", "BGLGroup_MS.Tests\BGLGroup_MS.Tests.csproj", "{B818A67C-CAA7-4648-B75F-4E7A1A4CFE57}"
EndProject
Global
	GlobalSection(SolutionConfigurationPlatforms) = preSolution
		Debug|Any CPU = Debug|Any CPU
		Release|Any CPU = Release|Any CPU
	EndGlobalSection
	GlobalSection(ProjectConfigurationPlatforms) = postSolution
		{5DDC0B79-FB43-4B62-ABE3-C59BB4B0E4A6}.Debug|Any CPU.ActiveCfg = Debug|Any CPU
		{5DDC0B79-FB43-4B62-ABE3-C59BB4B0E4A6}.Debug|Any CPU.Build.0 = Debug|Any CPU
		{5DDC0B79-FB43-4B62-ABE3-C59BB4B0E4A6}.Release|Any CPU.ActiveCfg = Release|Any CPU
		{5DDC0B79-FB43-4B62-ABE3-C59BB4B0E4A6}.Release|Any CPU.Build.0 = Release|Any CPU
		{B818A67C-CAA7-4648-B75F-4E7A1A4CFE57}.Debug|Any CPU.ActiveCfg = Debug|Any CPU
		{B818A67C-CAA7-4648-B75F-4E7A1A4CFE57}.Debug|Any CPU.Build.0 = Debug|Any CPU
		{B818A67C-CAA7-4648-B75F-4E7A1A4CFE57}.Release|Any CPU.ActiveCfg = Release|Any CPU
		{B818A67C-CAA7-4648-B75F-4E7A1A4CFE57}.Release|Any CPU.Build.0 = Release|Any CPU
	EndGlobalSection
	GlobalSection(SolutionProperties) = preSolution
		HideSolutionNode = FALSE
	EndGlobalSection
	GlobalSection(ExtensibilityGlobals) = postSolution
		SolutionGuid = {F5AACD97-503A-490F-A7BF-85FC91731AAB}
	EndGlobalSection
EndGlobal
